// !$*UTF8*$!
{
	archiveVersion = 1;
	classes = {
	};
	objectVersion = 46;
	objects = {

/* Begin PBXBuildFile section */
		752836BF1BAF074D005ABA0E /* TalksPageViewController.swift in Sources */ = {isa = PBXBuildFile; fileRef = 752836BE1BAF074D005ABA0E /* TalksPageViewController.swift */; settings = {ASSET_TAGS = (); }; };
		752836C11BAF0799005ABA0E /* SpeakerListViewController.swift in Sources */ = {isa = PBXBuildFile; fileRef = 752836C01BAF0799005ABA0E /* SpeakerListViewController.swift */; settings = {ASSET_TAGS = (); }; };
		752836C31BAF07C3005ABA0E /* TalkListViewController.swift in Sources */ = {isa = PBXBuildFile; fileRef = 752836C21BAF07C3005ABA0E /* TalkListViewController.swift */; settings = {ASSET_TAGS = (); }; };
		752836CD1BB03BB2005ABA0E /* PageViewController.swift in Sources */ = {isa = PBXBuildFile; fileRef = 752836CC1BB03BB2005ABA0E /* PageViewController.swift */; settings = {ASSET_TAGS = (); }; };
		7531D8A11BBF37DB0047C127 /* Util.swift in Sources */ = {isa = PBXBuildFile; fileRef = 7531D8A01BBF37DB0047C127 /* Util.swift */; settings = {ASSET_TAGS = (); }; };
		753D6B641BB0E0D000726540 /* TalkViewController.swift in Sources */ = {isa = PBXBuildFile; fileRef = 753D6B631BB0E0D000726540 /* TalkViewController.swift */; settings = {ASSET_TAGS = (); }; };
		753D6B661BB0E1F900726540 /* SpeakerViewController.swift in Sources */ = {isa = PBXBuildFile; fileRef = 753D6B651BB0E1F900726540 /* SpeakerViewController.swift */; settings = {ASSET_TAGS = (); }; };
		7577E4041BA4B64F0022DBD9 /* Assets.xcassets in Resources */ = {isa = PBXBuildFile; fileRef = 7577E4031BA4B64F0022DBD9 /* Assets.xcassets */; };
		7577E4071BA4B64F0022DBD9 /* LaunchScreen.storyboard in Resources */ = {isa = PBXBuildFile; fileRef = 7577E4051BA4B64F0022DBD9 /* LaunchScreen.storyboard */; };
		7577E4121BA4B64F0022DBD9 /* ThreeSixtyServiceTests.swift in Sources */ = {isa = PBXBuildFile; fileRef = 7577E4111BA4B64F0022DBD9 /* ThreeSixtyServiceTests.swift */; };
		7577E4261BA4B6F10022DBD9 /* Services.swift in Sources */ = {isa = PBXBuildFile; fileRef = 7577E41C1BA4B6F10022DBD9 /* Services.swift */; };
		7577E4271BA4B6F10022DBD9 /* Speaker.swift in Sources */ = {isa = PBXBuildFile; fileRef = 7577E41D1BA4B6F10022DBD9 /* Speaker.swift */; };
		7577E4281BA4B6F10022DBD9 /* Talk.swift in Sources */ = {isa = PBXBuildFile; fileRef = 7577E41E1BA4B6F10022DBD9 /* Talk.swift */; };
		7577E4291BA4B6F10022DBD9 /* Store.swift in Sources */ = {isa = PBXBuildFile; fileRef = 7577E41F1BA4B6F10022DBD9 /* Store.swift */; };
		7577E42A1BA4B6F10022DBD9 /* Speaker+CoreDataProperties.swift in Sources */ = {isa = PBXBuildFile; fileRef = 7577E4201BA4B6F10022DBD9 /* Speaker+CoreDataProperties.swift */; };
		7577E42B1BA4B6F10022DBD9 /* Talk+CoreDataProperties.swift in Sources */ = {isa = PBXBuildFile; fileRef = 7577E4211BA4B6F10022DBD9 /* Talk+CoreDataProperties.swift */; };
		7577E42C1BA4B6F10022DBD9 /* ThreeSixtyViewModel.xcdatamodel in Sources */ = {isa = PBXBuildFile; fileRef = 7577E4221BA4B6F10022DBD9 /* ThreeSixtyViewModel.xcdatamodel */; };
		7577E42D1BA4B6F10022DBD9 /* AppDelegate.swift in Sources */ = {isa = PBXBuildFile; fileRef = 7577E4231BA4B6F10022DBD9 /* AppDelegate.swift */; };
		7577E42E1BA4B6F10022DBD9 /* Main.storyboard in Resources */ = {isa = PBXBuildFile; fileRef = 7577E4241BA4B6F10022DBD9 /* Main.storyboard */; };
		7577E42F1BA4B6F10022DBD9 /* ViewController.swift in Sources */ = {isa = PBXBuildFile; fileRef = 7577E4251BA4B6F10022DBD9 /* ViewController.swift */; };
		7577E4331BA4D18E0022DBD9 /* ViewModelProtocols.swift in Sources */ = {isa = PBXBuildFile; fileRef = 7577E4321BA4D18E0022DBD9 /* ViewModelProtocols.swift */; };
		7577E4351BA4D5E30022DBD9 /* ViewModels.swift in Sources */ = {isa = PBXBuildFile; fileRef = 7577E4341BA4D5E30022DBD9 /* ViewModels.swift */; };
		7577E4371BA4DC9C0022DBD9 /* Dynamic.swift in Sources */ = {isa = PBXBuildFile; fileRef = 7577E4361BA4DC9C0022DBD9 /* Dynamic.swift */; };
		7577E4391BA5FC2C0022DBD9 /* ThreeSixtyViewModelTests.swift in Sources */ = {isa = PBXBuildFile; fileRef = 7577E4381BA5FC2C0022DBD9 /* ThreeSixtyViewModelTests.swift */; };
/* End PBXBuildFile section */

/* Begin PBXContainerItemProxy section */
		7577E40E1BA4B64F0022DBD9 /* PBXContainerItemProxy */ = {
			isa = PBXContainerItemProxy;
			containerPortal = 7577E3EE1BA4B64F0022DBD9 /* Project object */;
			proxyType = 1;
			remoteGlobalIDString = 7577E3F51BA4B64F0022DBD9;
			remoteInfo = ThreeSixtyViewModel;
		};
/* End PBXContainerItemProxy section */

/* Begin PBXFileReference section */
		752836BE1BAF074D005ABA0E /* TalksPageViewController.swift */ = {isa = PBXFileReference; fileEncoding = 4; lastKnownFileType = sourcecode.swift; path = TalksPageViewController.swift; sourceTree = "<group>"; };
		752836C01BAF0799005ABA0E /* SpeakerListViewController.swift */ = {isa = PBXFileReference; fileEncoding = 4; lastKnownFileType = sourcecode.swift; path = SpeakerListViewController.swift; sourceTree = "<group>"; };
		752836C21BAF07C3005ABA0E /* TalkListViewController.swift */ = {isa = PBXFileReference; fileEncoding = 4; lastKnownFileType = sourcecode.swift; path = TalkListViewController.swift; sourceTree = "<group>"; };
		752836CC1BB03BB2005ABA0E /* PageViewController.swift */ = {isa = PBXFileReference; fileEncoding = 4; lastKnownFileType = sourcecode.swift; path = PageViewController.swift; sourceTree = "<group>"; };
		7531D8A01BBF37DB0047C127 /* Util.swift */ = {isa = PBXFileReference; fileEncoding = 4; lastKnownFileType = sourcecode.swift; path = Util.swift; sourceTree = "<group>"; };
		753D6B631BB0E0D000726540 /* TalkViewController.swift */ = {isa = PBXFileReference; fileEncoding = 4; lastKnownFileType = sourcecode.swift; path = TalkViewController.swift; sourceTree = "<group>"; };
		753D6B651BB0E1F900726540 /* SpeakerViewController.swift */ = {isa = PBXFileReference; fileEncoding = 4; lastKnownFileType = sourcecode.swift; path = SpeakerViewController.swift; sourceTree = "<group>"; };
		7577E3F61BA4B64F0022DBD9 /* ThreeSixtyViewModel.app */ = {isa = PBXFileReference; explicitFileType = wrapper.application; includeInIndex = 0; path = ThreeSixtyViewModel.app; sourceTree = BUILT_PRODUCTS_DIR; };
		7577E4031BA4B64F0022DBD9 /* Assets.xcassets */ = {isa = PBXFileReference; lastKnownFileType = folder.assetcatalog; path = Assets.xcassets; sourceTree = "<group>"; };
		7577E4061BA4B64F0022DBD9 /* Base */ = {isa = PBXFileReference; lastKnownFileType = file.storyboard; name = Base; path = Base.lproj/LaunchScreen.storyboard; sourceTree = "<group>"; };
		7577E4081BA4B64F0022DBD9 /* Info.plist */ = {isa = PBXFileReference; lastKnownFileType = text.plist.xml; path = Info.plist; sourceTree = "<group>"; };
		7577E40D1BA4B64F0022DBD9 /* ThreeSixtyViewModelTests.xctest */ = {isa = PBXFileReference; explicitFileType = wrapper.cfbundle; includeInIndex = 0; path = ThreeSixtyViewModelTests.xctest; sourceTree = BUILT_PRODUCTS_DIR; };
		7577E4111BA4B64F0022DBD9 /* ThreeSixtyServiceTests.swift */ = {isa = PBXFileReference; lastKnownFileType = sourcecode.swift; path = ThreeSixtyServiceTests.swift; sourceTree = "<group>"; };
		7577E4131BA4B64F0022DBD9 /* Info.plist */ = {isa = PBXFileReference; lastKnownFileType = text.plist.xml; path = Info.plist; sourceTree = "<group>"; };
		7577E41C1BA4B6F10022DBD9 /* Services.swift */ = {isa = PBXFileReference; fileEncoding = 4; lastKnownFileType = sourcecode.swift; path = Services.swift; sourceTree = "<group>"; };
		7577E41D1BA4B6F10022DBD9 /* Speaker.swift */ = {isa = PBXFileReference; fileEncoding = 4; lastKnownFileType = sourcecode.swift; path = Speaker.swift; sourceTree = "<group>"; };
		7577E41E1BA4B6F10022DBD9 /* Talk.swift */ = {isa = PBXFileReference; fileEncoding = 4; lastKnownFileType = sourcecode.swift; path = Talk.swift; sourceTree = "<group>"; };
		7577E41F1BA4B6F10022DBD9 /* Store.swift */ = {isa = PBXFileReference; fileEncoding = 4; lastKnownFileType = sourcecode.swift; path = Store.swift; sourceTree = "<group>"; };
		7577E4201BA4B6F10022DBD9 /* Speaker+CoreDataProperties.swift */ = {isa = PBXFileReference; fileEncoding = 4; lastKnownFileType = sourcecode.swift; path = "Speaker+CoreDataProperties.swift"; sourceTree = "<group>"; };
		7577E4211BA4B6F10022DBD9 /* Talk+CoreDataProperties.swift */ = {isa = PBXFileReference; fileEncoding = 4; lastKnownFileType = sourcecode.swift; path = "Talk+CoreDataProperties.swift"; sourceTree = "<group>"; };
		7577E4221BA4B6F10022DBD9 /* ThreeSixtyViewModel.xcdatamodel */ = {isa = PBXFileReference; lastKnownFileType = wrapper.xcdatamodel; path = ThreeSixtyViewModel.xcdatamodel; sourceTree = "<group>"; };
		7577E4231BA4B6F10022DBD9 /* AppDelegate.swift */ = {isa = PBXFileReference; fileEncoding = 4; lastKnownFileType = sourcecode.swift; path = AppDelegate.swift; sourceTree = "<group>"; };
		7577E4241BA4B6F10022DBD9 /* Main.storyboard */ = {isa = PBXFileReference; fileEncoding = 4; lastKnownFileType = file.storyboard; path = Main.storyboard; sourceTree = "<group>"; };
		7577E4251BA4B6F10022DBD9 /* ViewController.swift */ = {isa = PBXFileReference; fileEncoding = 4; lastKnownFileType = sourcecode.swift; path = ViewController.swift; sourceTree = "<group>"; };
		7577E4321BA4D18E0022DBD9 /* ViewModelProtocols.swift */ = {isa = PBXFileReference; fileEncoding = 4; lastKnownFileType = sourcecode.swift; path = ViewModelProtocols.swift; sourceTree = "<group>"; };
		7577E4341BA4D5E30022DBD9 /* ViewModels.swift */ = {isa = PBXFileReference; fileEncoding = 4; lastKnownFileType = sourcecode.swift; path = ViewModels.swift; sourceTree = "<group>"; };
		7577E4361BA4DC9C0022DBD9 /* Dynamic.swift */ = {isa = PBXFileReference; fileEncoding = 4; lastKnownFileType = sourcecode.swift; path = Dynamic.swift; sourceTree = "<group>"; };
		7577E4381BA5FC2C0022DBD9 /* ThreeSixtyViewModelTests.swift */ = {isa = PBXFileReference; fileEncoding = 4; lastKnownFileType = sourcecode.swift; path = ThreeSixtyViewModelTests.swift; sourceTree = "<group>"; };
/* End PBXFileReference section */

/* Begin PBXFrameworksBuildPhase section */
		7577E3F31BA4B64F0022DBD9 /* Frameworks */ = {
			isa = PBXFrameworksBuildPhase;
			buildActionMask = 2147483647;
			files = (
			);
			runOnlyForDeploymentPostprocessing = 0;
		};
		7577E40A1BA4B64F0022DBD9 /* Frameworks */ = {
			isa = PBXFrameworksBuildPhase;
			buildActionMask = 2147483647;
			files = (
			);
			runOnlyForDeploymentPostprocessing = 0;
		};
/* End PBXFrameworksBuildPhase section */

/* Begin PBXGroup section */
		7577E3ED1BA4B64F0022DBD9 = {
			isa = PBXGroup;
			children = (
				7577E3F81BA4B64F0022DBD9 /* ThreeSixtyViewModel */,
				7577E4101BA4B64F0022DBD9 /* ThreeSixtyViewModelTests */,
				7577E3F71BA4B64F0022DBD9 /* Products */,
			);
			sourceTree = "<group>";
		};
		7577E3F71BA4B64F0022DBD9 /* Products */ = {
			isa = PBXGroup;
			children = (
				7577E3F61BA4B64F0022DBD9 /* ThreeSixtyViewModel.app */,
				7577E40D1BA4B64F0022DBD9 /* ThreeSixtyViewModelTests.xctest */,
			);
			name = Products;
			sourceTree = "<group>";
		};
		7577E3F81BA4B64F0022DBD9 /* ThreeSixtyViewModel */ = {
			isa = PBXGroup;
			children = (
				7577E4231BA4B6F10022DBD9 /* AppDelegate.swift */,
				7577E4241BA4B6F10022DBD9 /* Main.storyboard */,
				7577E4251BA4B6F10022DBD9 /* ViewController.swift */,
				7577E4311BA4B72B0022DBD9 /* Model */,
				7577E4301BA4B7150022DBD9 /* Resources */,
				7577E4321BA4D18E0022DBD9 /* ViewModelProtocols.swift */,
				7577E4341BA4D5E30022DBD9 /* ViewModels.swift */,
				7577E4361BA4DC9C0022DBD9 /* Dynamic.swift */,
				752836BE1BAF074D005ABA0E /* TalksPageViewController.swift */,
				752836C01BAF0799005ABA0E /* SpeakerListViewController.swift */,
				753D6B651BB0E1F900726540 /* SpeakerViewController.swift */,
				752836C21BAF07C3005ABA0E /* TalkListViewController.swift */,
				753D6B631BB0E0D000726540 /* TalkViewController.swift */,
				752836CC1BB03BB2005ABA0E /* PageViewController.swift */,
				7531D8A01BBF37DB0047C127 /* Util.swift */,
			);
			path = ThreeSixtyViewModel;
			sourceTree = "<group>";
		};
		7577E4101BA4B64F0022DBD9 /* ThreeSixtyViewModelTests */ = {
			isa = PBXGroup;
			children = (
				7577E4111BA4B64F0022DBD9 /* ThreeSixtyServiceTests.swift */,
				7577E4381BA5FC2C0022DBD9 /* ThreeSixtyViewModelTests.swift */,
				7577E4131BA4B64F0022DBD9 /* Info.plist */,
			);
			path = ThreeSixtyViewModelTests;
			sourceTree = "<group>";
		};
		7577E4301BA4B7150022DBD9 /* Resources */ = {
			isa = PBXGroup;
			children = (
				7577E4201BA4B6F10022DBD9 /* Speaker+CoreDataProperties.swift */,
				7577E4211BA4B6F10022DBD9 /* Talk+CoreDataProperties.swift */,
				7577E4221BA4B6F10022DBD9 /* ThreeSixtyViewModel.xcdatamodel */,
				7577E4031BA4B64F0022DBD9 /* Assets.xcassets */,
				7577E4051BA4B64F0022DBD9 /* LaunchScreen.storyboard */,
				7577E4081BA4B64F0022DBD9 /* Info.plist */,
			);
			name = Resources;
			sourceTree = "<group>";
		};
		7577E4311BA4B72B0022DBD9 /* Model */ = {
			isa = PBXGroup;
			children = (
				7577E41C1BA4B6F10022DBD9 /* Services.swift */,
				7577E41F1BA4B6F10022DBD9 /* Store.swift */,
				7577E41D1BA4B6F10022DBD9 /* Speaker.swift */,
				7577E41E1BA4B6F10022DBD9 /* Talk.swift */,
			);
			name = Model;
			sourceTree = "<group>";
		};
/* End PBXGroup section */

/* Begin PBXNativeTarget section */
		7577E3F51BA4B64F0022DBD9 /* ThreeSixtyViewModel */ = {
			isa = PBXNativeTarget;
			buildConfigurationList = 7577E4161BA4B64F0022DBD9 /* Build configuration list for PBXNativeTarget "ThreeSixtyViewModel" */;
			buildPhases = (
				7577E3F21BA4B64F0022DBD9 /* Sources */,
				7577E3F31BA4B64F0022DBD9 /* Frameworks */,
				7577E3F41BA4B64F0022DBD9 /* Resources */,
			);
			buildRules = (
			);
			dependencies = (
			);
			name = ThreeSixtyViewModel;
			productName = ThreeSixtyViewModel;
			productReference = 7577E3F61BA4B64F0022DBD9 /* ThreeSixtyViewModel.app */;
			productType = "com.apple.product-type.application";
		};
		7577E40C1BA4B64F0022DBD9 /* ThreeSixtyViewModelTests */ = {
			isa = PBXNativeTarget;
			buildConfigurationList = 7577E4191BA4B64F0022DBD9 /* Build configuration list for PBXNativeTarget "ThreeSixtyViewModelTests" */;
			buildPhases = (
				7577E4091BA4B64F0022DBD9 /* Sources */,
				7577E40A1BA4B64F0022DBD9 /* Frameworks */,
				7577E40B1BA4B64F0022DBD9 /* Resources */,
			);
			buildRules = (
			);
			dependencies = (
				7577E40F1BA4B64F0022DBD9 /* PBXTargetDependency */,
			);
			name = ThreeSixtyViewModelTests;
			productName = ThreeSixtyViewModelTests;
			productReference = 7577E40D1BA4B64F0022DBD9 /* ThreeSixtyViewModelTests.xctest */;
			productType = "com.apple.product-type.bundle.unit-test";
		};
/* End PBXNativeTarget section */

/* Begin PBXProject section */
		7577E3EE1BA4B64F0022DBD9 /* Project object */ = {
			isa = PBXProject;
			attributes = {
				LastSwiftUpdateCheck = 0700;
				LastUpgradeCheck = 0700;
				ORGANIZATIONNAME = "POSSIBLE Mobile";
				TargetAttributes = {
					7577E3F51BA4B64F0022DBD9 = {
						CreatedOnToolsVersion = 7.0;
					};
					7577E40C1BA4B64F0022DBD9 = {
						CreatedOnToolsVersion = 7.0;
						TestTargetID = 7577E3F51BA4B64F0022DBD9;
					};
				};
			};
			buildConfigurationList = 7577E3F11BA4B64F0022DBD9 /* Build configuration list for PBXProject "ThreeSixtyViewModel" */;
			compatibilityVersion = "Xcode 3.2";
			developmentRegion = English;
			hasScannedForEncodings = 0;
			knownRegions = (
				en,
				Base,
			);
			mainGroup = 7577E3ED1BA4B64F0022DBD9;
			productRefGroup = 7577E3F71BA4B64F0022DBD9 /* Products */;
			projectDirPath = "";
			projectRoot = "";
			targets = (
				7577E3F51BA4B64F0022DBD9 /* ThreeSixtyViewModel */,
				7577E40C1BA4B64F0022DBD9 /* ThreeSixtyViewModelTests */,
			);
		};
/* End PBXProject section */

/* Begin PBXResourcesBuildPhase section */
		7577E3F41BA4B64F0022DBD9 /* Resources */ = {
			isa = PBXResourcesBuildPhase;
			buildActionMask = 2147483647;
			files = (
				7577E42E1BA4B6F10022DBD9 /* Main.storyboard in Resources */,
				7577E4071BA4B64F0022DBD9 /* LaunchScreen.storyboard in Resources */,
				7577E4041BA4B64F0022DBD9 /* Assets.xcassets in Resources */,
			);
			runOnlyForDeploymentPostprocessing = 0;
		};
		7577E40B1BA4B64F0022DBD9 /* Resources */ = {
			isa = PBXResourcesBuildPhase;
			buildActionMask = 2147483647;
			files = (
			);
			runOnlyForDeploymentPostprocessing = 0;
		};
/* End PBXResourcesBuildPhase section */

/* Begin PBXSourcesBuildPhase section */
		7577E3F21BA4B64F0022DBD9 /* Sources */ = {
			isa = PBXSourcesBuildPhase;
			buildActionMask = 2147483647;
			files = (
				7577E4331BA4D18E0022DBD9 /* ViewModelProtocols.swift in Sources */,
				752836BF1BAF074D005ABA0E /* TalksPageViewController.swift in Sources */,
				7577E4351BA4D5E30022DBD9 /* ViewModels.swift in Sources */,
				7577E42D1BA4B6F10022DBD9 /* AppDelegate.swift in Sources */,
				7577E4261BA4B6F10022DBD9 /* Services.swift in Sources */,
				753D6B641BB0E0D000726540 /* TalkViewController.swift in Sources */,
				753D6B661BB0E1F900726540 /* SpeakerViewController.swift in Sources */,
				7577E4371BA4DC9C0022DBD9 /* Dynamic.swift in Sources */,
				7577E4271BA4B6F10022DBD9 /* Speaker.swift in Sources */,
				7577E42F1BA4B6F10022DBD9 /* ViewController.swift in Sources */,
				7577E42C1BA4B6F10022DBD9 /* ThreeSixtyViewModel.xcdatamodel in Sources */,
				7577E42A1BA4B6F10022DBD9 /* Speaker+CoreDataProperties.swift in Sources */,
				7531D8A11BBF37DB0047C127 /* Util.swift in Sources */,
				7577E42B1BA4B6F10022DBD9 /* Talk+CoreDataProperties.swift in Sources */,
				752836C11BAF0799005ABA0E /* SpeakerListViewController.swift in Sources */,
				7577E4281BA4B6F10022DBD9 /* Talk.swift in Sources */,
				752836C31BAF07C3005ABA0E /* TalkListViewController.swift in Sources */,
				7577E4291BA4B6F10022DBD9 /* Store.swift in Sources */,
				752836CD1BB03BB2005ABA0E /* PageViewController.swift in Sources */,
			);
			runOnlyForDeploymentPostprocessing = 0;
		};
		7577E4091BA4B64F0022DBD9 /* Sources */ = {
			isa = PBXSourcesBuildPhase;
			buildActionMask = 2147483647;
			files = (
				7577E4121BA4B64F0022DBD9 /* ThreeSixtyServiceTests.swift in Sources */,
				7577E4391BA5FC2C0022DBD9 /* ThreeSixtyViewModelTests.swift in Sources */,
			);
			runOnlyForDeploymentPostprocessing = 0;
		};
/* End PBXSourcesBuildPhase section */

/* Begin PBXTargetDependency section */
		7577E40F1BA4B64F0022DBD9 /* PBXTargetDependency */ = {
			isa = PBXTargetDependency;
			target = 7577E3F51BA4B64F0022DBD9 /* ThreeSixtyViewModel */;
			targetProxy = 7577E40E1BA4B64F0022DBD9 /* PBXContainerItemProxy */;
		};
/* End PBXTargetDependency section */

/* Begin PBXVariantGroup section */
		7577E4051BA4B64F0022DBD9 /* LaunchScreen.storyboard */ = {
			isa = PBXVariantGroup;
			children = (
				7577E4061BA4B64F0022DBD9 /* Base */,
			);
			name = LaunchScreen.storyboard;
			sourceTree = "<group>";
		};
/* End PBXVariantGroup section */

/* Begin XCBuildConfiguration section */
		7577E4141BA4B64F0022DBD9 /* Debug */ = {
			isa = XCBuildConfiguration;
			buildSettings = {
				ALWAYS_SEARCH_USER_PATHS = NO;
				CLANG_CXX_LANGUAGE_STANDARD = "gnu++0x";
				CLANG_CXX_LIBRARY = "libc++";
				CLANG_ENABLE_MODULES = YES;
				CLANG_ENABLE_OBJC_ARC = YES;
				CLANG_WARN_BOOL_CONVERSION = YES;
				CLANG_WARN_CONSTANT_CONVERSION = YES;
				CLANG_WARN_DIRECT_OBJC_ISA_USAGE = YES_ERROR;
				CLANG_WARN_EMPTY_BODY = YES;
				CLANG_WARN_ENUM_CONVERSION = YES;
				CLANG_WARN_INT_CONVERSION = YES;
				CLANG_WARN_OBJC_ROOT_CLASS = YES_ERROR;
				CLANG_WARN_UNREACHABLE_CODE = YES;
				CLANG_WARN__DUPLICATE_METHOD_MATCH = YES;
				"CODE_SIGN_IDENTITY[sdk=iphoneos*]" = "iPhone Developer";
				COPY_PHASE_STRIP = NO;
				DEBUG_INFORMATION_FORMAT = dwarf;
				ENABLE_STRICT_OBJC_MSGSEND = YES;
				ENABLE_TESTABILITY = YES;
				GCC_C_LANGUAGE_STANDARD = gnu99;
				GCC_DYNAMIC_NO_PIC = NO;
				GCC_NO_COMMON_BLOCKS = YES;
				GCC_OPTIMIZATION_LEVEL = 0;
				GCC_PREPROCESSOR_DEFINITIONS = (
					"DEBUG=1",
					"$(inherited)",
				);
				GCC_WARN_64_TO_32_BIT_CONVERSION = YES;
				GCC_WARN_ABOUT_RETURN_TYPE = YES_ERROR;
				GCC_WARN_UNDECLARED_SELECTOR = YES;
				GCC_WARN_UNINITIALIZED_AUTOS = YES_AGGRESSIVE;
				GCC_WARN_UNUSED_FUNCTION = YES;
				GCC_WARN_UNUSED_VARIABLE = YES;
				IPHONEOS_DEPLOYMENT_TARGET = 9.0;
				MTL_ENABLE_DEBUG_INFO = YES;
				ONLY_ACTIVE_ARCH = YES;
				SDKROOT = iphoneos;
				SWIFT_OPTIMIZATION_LEVEL = "-Onone";
				TARGETED_DEVICE_FAMILY = "1,2";
			};
			name = Debug;
		};
		7577E4151BA4B64F0022DBD9 /* Release */ = {
			isa = XCBuildConfiguration;
			buildSettings = {
				ALWAYS_SEARCH_USER_PATHS = NO;
				CLANG_CXX_LANGUAGE_STANDARD = "gnu++0x";
				CLANG_CXX_LIBRARY = "libc++";
				CLANG_ENABLE_MODULES = YES;
				CLANG_ENABLE_OBJC_ARC = YES;
				CLANG_WARN_BOOL_CONVERSION = YES;
				CLANG_WARN_CONSTANT_CONVERSION = YES;
				CLANG_WARN_DIRECT_OBJC_ISA_USAGE = YES_ERROR;
				CLANG_WARN_EMPTY_BODY = YES;
				CLANG_WARN_ENUM_CONVERSION = YES;
				CLANG_WARN_INT_CONVERSION = YES;
				CLANG_WARN_OBJC_ROOT_CLASS = YES_ERROR;
				CLANG_WARN_UNREACHABLE_CODE = YES;
				CLANG_WARN__DUPLICATE_METHOD_MATCH = YES;
				"CODE_SIGN_IDENTITY[sdk=iphoneos*]" = "iPhone Developer";
				COPY_PHASE_STRIP = NO;
				DEBUG_INFORMATION_FORMAT = "dwarf-with-dsym";
				ENABLE_NS_ASSERTIONS = NO;
				ENABLE_STRICT_OBJC_MSGSEND = YES;
				GCC_C_LANGUAGE_STANDARD = gnu99;
				GCC_NO_COMMON_BLOCKS = YES;
				GCC_WARN_64_TO_32_BIT_CONVERSION = YES;
				GCC_WARN_ABOUT_RETURN_TYPE = YES_ERROR;
				GCC_WARN_UNDECLARED_SELECTOR = YES;
				GCC_WARN_UNINITIALIZED_AUTOS = YES_AGGRESSIVE;
				GCC_WARN_UNUSED_FUNCTION = YES;
				GCC_WARN_UNUSED_VARIABLE = YES;
				IPHONEOS_DEPLOYMENT_TARGET = 9.0;
				MTL_ENABLE_DEBUG_INFO = NO;
				SDKROOT = iphoneos;
				TARGETED_DEVICE_FAMILY = "1,2";
				VALIDATE_PRODUCT = YES;
			};
			name = Release;
		};
		7577E4171BA4B64F0022DBD9 /* Debug */ = {
			isa = XCBuildConfiguration;
			buildSettings = {
				ASSETCATALOG_COMPILER_APPICON_NAME = AppIcon;
				CLANG_ENABLE_MODULES = YES;
				INFOPLIST_FILE = ThreeSixtyViewModel/Info.plist;
				LD_RUNPATH_SEARCH_PATHS = "$(inherited) @executable_path/Frameworks";
				PRODUCT_BUNDLE_IDENTIFIER = com.possiblemobile.ThreeSixtyViewModel;
				PRODUCT_NAME = "$(TARGET_NAME)";
				SWIFT_OPTIMIZATION_LEVEL = "-Onone";
			};
			name = Debug;
		};
		7577E4181BA4B64F0022DBD9 /* Release */ = {
			isa = XCBuildConfiguration;
			buildSettings = {
				ASSETCATALOG_COMPILER_APPICON_NAME = AppIcon;
				CLANG_ENABLE_MODULES = YES;
				INFOPLIST_FILE = ThreeSixtyViewModel/Info.plist;
				LD_RUNPATH_SEARCH_PATHS = "$(inherited) @executable_path/Frameworks";
				PRODUCT_BUNDLE_IDENTIFIER = com.possiblemobile.ThreeSixtyViewModel;
				PRODUCT_NAME = "$(TARGET_NAME)";
			};
			name = Release;
		};
		7577E41A1BA4B64F0022DBD9 /* Debug */ = {
			isa = XCBuildConfiguration;
			buildSettings = {
				BUNDLE_LOADER = "$(TEST_HOST)";
				INFOPLIST_FILE = ThreeSixtyViewModelTests/Info.plist;
				LD_RUNPATH_SEARCH_PATHS = "$(inherited) @executable_path/Frameworks @loader_path/Frameworks";
				PRODUCT_BUNDLE_IDENTIFIER = com.possiblemobile.ThreeSixtyViewModelTests;
				PRODUCT_NAME = "$(TARGET_NAME)";
				TEST_HOST = "$(BUILT_PRODUCTS_DIR)/ThreeSixtyViewModel.app/ThreeSixtyViewModel";
			};
			name = Debug;
		};
		7577E41B1BA4B64F0022DBD9 /* Release */ = {
			isa = XCBuildConfiguration;
			buildSettings = {
				BUNDLE_LOADER = "$(TEST_HOST)";
				INFOPLIST_FILE = ThreeSixtyViewModelTests/Info.plist;
				LD_RUNPATH_SEARCH_PATHS = "$(inherited) @executable_path/Frameworks @loader_path/Frameworks";
				PRODUCT_BUNDLE_IDENTIFIER = com.possiblemobile.ThreeSixtyViewModelTests;
				PRODUCT_NAME = "$(TARGET_NAME)";
				TEST_HOST = "$(BUILT_PRODUCTS_DIR)/ThreeSixtyViewModel.app/ThreeSixtyViewModel";
			};
			name = Release;
		};
/* End XCBuildConfiguration section */

/* Begin XCConfigurationList section */
		7577E3F11BA4B64F0022DBD9 /* Build configuration list for PBXProject "ThreeSixtyViewModel" */ = {
			isa = XCConfigurationList;
			buildConfigurations = (
				7577E4141BA4B64F0022DBD9 /* Debug */,
				7577E4151BA4B64F0022DBD9 /* Release */,
			);
			defaultConfigurationIsVisible = 0;
			defaultConfigurationName = Release;
		};
		7577E4161BA4B64F0022DBD9 /* Build configuration list for PBXNativeTarget "ThreeSixtyViewModel" */ = {
			isa = XCConfigurationList;
			buildConfigurations = (
				7577E4171BA4B64F0022DBD9 /* Debug */,
				7577E4181BA4B64F0022DBD9 /* Release */,
			);
			defaultConfigurationIsVisible = 0;
			defaultConfigurationName = Release;
		};
		7577E4191BA4B64F0022DBD9 /* Build configuration list for PBXNativeTarget "ThreeSixtyViewModelTests" */ = {
			isa = XCConfigurationList;
			buildConfigurations = (
				7577E41A1BA4B64F0022DBD9 /* Debug */,
				7577E41B1BA4B64F0022DBD9 /* Release */,
			);
			defaultConfigurationIsVisible = 0;
			defaultConfigurationName = Release;
		};
/* End XCConfigurationList section */
	};
	rootObject = 7577E3EE1BA4B64F0022DBD9 /* Project object */;
}
